
Microsoft Visual Studio Solution File, Format Version 12.00
# Visual Studio Version 17
VisualStudioVersion = 17.11.35327.3
MinimumVisualStudioVersion = 10.0.40219.1
Project("{C9674DCB-5085-4A16-B785-4C70DD1589BD}") = "2425.BI.DATH#2", "2425.BI.DATH#2\2425.BI.DATH#2.dtproj", "{2016F54A-E90C-489F-A1B0-F3928DAC5DAD}"
EndProject
Global
	GlobalSection(SolutionConfigurationPlatforms) = preSolution
		Development|Default = Development|Default
	EndGlobalSection
	GlobalSection(ProjectConfigurationPlatforms) = postSolution
		{2016F54A-E90C-489F-A1B0-F3928DAC5DAD}.Development|Default.ActiveCfg = Development
		{2016F54A-E90C-489F-A1B0-F3928DAC5DAD}.Development|Default.Build.0 = Development
	EndGlobalSection
	GlobalSection(SolutionProperties) = preSolution
		HideSolutionNode = FALSE
	EndGlobalSection
	GlobalSection(ExtensibilityGlobals) = postSolution
		SolutionGuid = {DB724B36-CC28-437A-825E-6759387A5FB7}
	EndGlobalSection
EndGlobal
